
Microsoft Visual Studio Solution File, Format Version 12.00
# Visual Studio Version 17
VisualStudioVersion = 17.7.34221.43
MinimumVisualStudioVersion = 10.0.40219.1
Project("{FAE04EC0-301F-11D3-BF4B-00C04F79EFBC}") = "PortafolioPersonal", "PortafolioPersonal\PortafolioPersonal.csproj", "{EBB1BAAF-E925-4A10-B7DB-ADA30F82A131}"
EndProject
Global
	GlobalSection(SolutionConfigurationPlatforms) = preSolution
		Debug|Any CPU = Debug|Any CPU
		Release|Any CPU = Release|Any CPU
	EndGlobalSection
	GlobalSection(ProjectConfigurationPlatforms) = postSolution
		{EBB1BAAF-E925-4A10-B7DB-ADA30F82A131}.Debug|Any CPU.ActiveCfg = Debug|Any CPU
		{EBB1BAAF-E925-4A10-B7DB-ADA30F82A131}.Debug|Any CPU.Build.0 = Debug|Any CPU
		{EBB1BAAF-E925-4A10-B7DB-ADA30F82A131}.Release|Any CPU.ActiveCfg = Release|Any CPU
		{EBB1BAAF-E925-4A10-B7DB-ADA30F82A131}.Release|Any CPU.Build.0 = Release|Any CPU
	EndGlobalSection
	GlobalSection(SolutionProperties) = preSolution
		HideSolutionNode = FALSE
	EndGlobalSection
	GlobalSection(ExtensibilityGlobals) = postSolution
		SolutionGuid = {1A310375-E622-4ACC-BA14-FA4D36E06A8B}
	EndGlobalSection
EndGlobal
